
Microsoft Visual Studio Solution File, Format Version 12.00
# Visual Studio Version 17
VisualStudioVersion = 17.3.32811.315
MinimumVisualStudioVersion = 10.0.40219.1
Project("{FAE04EC0-301F-11D3-BF4B-00C04F79EFBC}") = "msbuild_test_project", "msbuild_test_project\msbuild_test_project.csproj", "{2B96693F-BF47-482A-B839-4BCC2D2F93DC}"
EndProject
Project("{FAE04EC0-301F-11D3-BF4B-00C04F79EFBC}") = "TestProjectMSbuild", "TestProjectMSbuild\TestProjectMSbuild.csproj", "{E0A4F948-10BE-4721-A4AC-6693083A986A}"
EndProject
Global
	GlobalSection(SolutionConfigurationPlatforms) = preSolution
		Debug|Any CPU = Debug|Any CPU
		Release|Any CPU = Release|Any CPU
	EndGlobalSection
	GlobalSection(ProjectConfigurationPlatforms) = postSolution
		{2B96693F-BF47-482A-B839-4BCC2D2F93DC}.Debug|Any CPU.ActiveCfg = Debug|Any CPU
		{2B96693F-BF47-482A-B839-4BCC2D2F93DC}.Debug|Any CPU.Build.0 = Debug|Any CPU
		{2B96693F-BF47-482A-B839-4BCC2D2F93DC}.Release|Any CPU.ActiveCfg = Release|Any CPU
		{2B96693F-BF47-482A-B839-4BCC2D2F93DC}.Release|Any CPU.Build.0 = Release|Any CPU
		{E0A4F948-10BE-4721-A4AC-6693083A986A}.Debug|Any CPU.ActiveCfg = Debug|Any CPU
		{E0A4F948-10BE-4721-A4AC-6693083A986A}.Debug|Any CPU.Build.0 = Debug|Any CPU
		{E0A4F948-10BE-4721-A4AC-6693083A986A}.Release|Any CPU.ActiveCfg = Release|Any CPU
		{E0A4F948-10BE-4721-A4AC-6693083A986A}.Release|Any CPU.Build.0 = Release|Any CPU
	EndGlobalSection
	GlobalSection(SolutionProperties) = preSolution
		HideSolutionNode = FALSE
	EndGlobalSection
	GlobalSection(ExtensibilityGlobals) = postSolution
		SolutionGuid = {F735AD7C-24C3-4CE2-911F-44C871118AD8}
	EndGlobalSection
EndGlobal
